
Microsoft Visual Studio Solution File, Format Version 12.00
# Visual Studio Version 17
VisualStudioVersion = 17.0.31903.59
MinimumVisualStudioVersion = 10.0.40219.1
Project("{FAE04EC0-301F-11D3-BF4B-00C04F79EFBC}") = "ValidateTheNameModelBinding", "InvarianceDTOandModel\ValidateTheNameModelBinding.csproj", "{038DCAFE-E864-4D24-A744-CA42666B3C8F}"
EndProject
Project("{FAE04EC0-301F-11D3-BF4B-00C04F79EFBC}") = "InvarianceDTOAndModel.Tests", "InvarianceDTOAndModel.Tests\InvarianceDTOAndModel.Tests.csproj", "{23C02622-D9E3-4E50-AA23-B5FD6B02834B}"
EndProject
Global
	GlobalSection(SolutionConfigurationPlatforms) = preSolution
		Debug|Any CPU = Debug|Any CPU
		Release|Any CPU = Release|Any CPU
	EndGlobalSection
	GlobalSection(SolutionProperties) = preSolution
		HideSolutionNode = FALSE
	EndGlobalSection
	GlobalSection(ProjectConfigurationPlatforms) = postSolution
		{038DCAFE-E864-4D24-A744-CA42666B3C8F}.Debug|Any CPU.ActiveCfg = Debug|Any CPU
		{038DCAFE-E864-4D24-A744-CA42666B3C8F}.Debug|Any CPU.Build.0 = Debug|Any CPU
		{038DCAFE-E864-4D24-A744-CA42666B3C8F}.Release|Any CPU.ActiveCfg = Release|Any CPU
		{038DCAFE-E864-4D24-A744-CA42666B3C8F}.Release|Any CPU.Build.0 = Release|Any CPU
		{23C02622-D9E3-4E50-AA23-B5FD6B02834B}.Debug|Any CPU.ActiveCfg = Debug|Any CPU
		{23C02622-D9E3-4E50-AA23-B5FD6B02834B}.Debug|Any CPU.Build.0 = Debug|Any CPU
		{23C02622-D9E3-4E50-AA23-B5FD6B02834B}.Release|Any CPU.ActiveCfg = Release|Any CPU
		{23C02622-D9E3-4E50-AA23-B5FD6B02834B}.Release|Any CPU.Build.0 = Release|Any CPU
	EndGlobalSection
EndGlobal
